// !$*UTF8*$!
{
	archiveVersion = 1;
	classes = {
	};
	objectVersion = 77;
	objects = {

/* Begin PBXContainerItemProxy section */
		D43C35692F6C260D0020D81B /* PBXContainerItemProxy */ = {
			isa = PBXContainerItemProxy;
			containerPortal = D43C354A2F6C260B0020D81B /* Project object */;
			proxyType = 1;
			remoteGlobalIDString = D43C35512F6C260B0020D81B;
			remoteInfo = SwiftAuth3;
		};
		D43C35732F6C260D0020D81B /* PBXContainerItemProxy */ = {
			isa = PBXContainerItemProxy;
			containerPortal = D43C354A2F6C260B0020D81B /* Project object */;
			proxyType = 1;
			remoteGlobalIDString = D43C35512F6C260B0020D81B;
			remoteInfo = SwiftAuth3;
		};
/* End PBXContainerItemProxy section */

/* Begin PBXFileReference section */
		D43C35522F6C260B0020D81B /* SwiftAuth3.app */ = {isa = PBXFileReference; explicitFileType = wrapper.application; includeInIndex = 0; path = SwiftAuth3.app; sourceTree = BUILT_PRODUCTS_DIR; };
		D43C35682F6C260D0020D81B /* SwiftAuth3Tests.xctest */ = {isa = PBXFileReference; explicitFileType = wrapper.cfbundle; includeInIndex = 0; path = SwiftAuth3Tests.xctest; sourceTree = BUILT_PRODUCTS_DIR; };
		D43C35722F6C260D0020D81B /* SwiftAuth3UITests.xctest */ = {isa = PBXFileReference; explicitFileType = wrapper.cfbundle; includeInIndex = 0; path = SwiftAuth3UITests.xctest; sourceTree = BUILT_PRODUCTS_DIR; };
/* End PBXFileReference section */

/* Begin PBXFileSystemSynchronizedBuildFileExceptionSet section */
		D43C357A2F6C260D0020D81B /* Exceptions for "SwiftAuth3" folder in "SwiftAuth3" target */ = {
			isa = PBXFileSystemSynchronizedBuildFileExceptionSet;
			membershipExceptions = (
				Info.plist,
			);
			target = D43C35512F6C260B0020D81B /* SwiftAuth3 */;
		};
/* End PBXFileSystemSynchronizedBuildFileExceptionSet section */

/* Begin PBXFileSystemSynchronizedRootGroup section */
		D43C35542F6C260B0020D81B /* SwiftAuth3 */ = {
			isa = PBXFileSystemSynchronizedRootGroup;
			exceptions = (
				D43C357A2F6C260D0020D81B /* Exceptions for "SwiftAuth3" folder in "SwiftAuth3" target */,
			);
			path = SwiftAuth3;
			sourceTree = "<group>";
		};
		D43C356B2F6C260D0020D81B /* SwiftAuth3Tests */ = {
			isa = PBXFileSystemSynchronizedRootGroup;
			path = SwiftAuth3Tests;
			sourceTree = "<group>";
		};
		D43C35752F6C260D0020D81B /* SwiftAuth3UITests */ = {
			isa = PBXFileSystemSynchronizedRootGroup;
			path = SwiftAuth3UITests;
			sourceTree = "<group>";
		};
/* End PBXFileSystemSynchronizedRootGroup section */

/* Begin PBXFrameworksBuildPhase section */
		D43C354F2F6C260B0020D81B /* Frameworks */ = {
			isa = PBXFrameworksBuildPhase;
			buildActionMask = 2147483647;
			files = (
			);
			runOnlyForDeploymentPostprocessing = 0;
		};
		D43C35652F6C260D0020D81B /* Frameworks */ = {
			isa = PBXFrameworksBuildPhase;
			buildActionMask = 2147483647;
			files = (
			);
			runOnlyForDeploymentPostprocessing = 0;
		};
		D43C356F2F6C260D0020D81B /* Frameworks */ = {
			isa = PBXFrameworksBuildPhase;
			buildActionMask = 2147483647;
			files = (
			);
			runOnlyForDeploymentPostprocessing = 0;
		};
/* End PBXFrameworksBuildPhase section */

/* Begin PBXGroup section */
		D43C35492F6C260B0020D81B = {
			isa = PBXGroup;
			children = (
				D43C35542F6C260B0020D81B /* SwiftAuth3 */,
				D43C356B2F6C260D0020D81B /* SwiftAuth3Tests */,
				D43C35752F6C260D0020D81B /* SwiftAuth3UITests */,
				D43C35532F6C260B0020D81B /* Products */,
			);
			sourceTree = "<group>";
		};
		D43C35532F6C260B0020D81B /* Products */ = {
			isa = PBXGroup;
			children = (
				D43C35522F6C260B0020D81B /* SwiftAuth3.app */,
				D43C35682F6C260D0020D81B /* SwiftAuth3Tests.xctest */,
				D43C35722F6C260D0020D81B /* SwiftAuth3UITests.xctest */,
			);
			name = Products;
			sourceTree = "<group>";
		};
/* End PBXGroup section */

/* Begin PBXNativeTarget section */
		D43C35512F6C260B0020D81B /* SwiftAuth3 */ = {
			isa = PBXNativeTarget;
			buildConfigurationList = D43C357B2F6C260D0020D81B /* Build configuration list for PBXNativeTarget "SwiftAuth3" */;
			buildPhases = (
				D43C354E2F6C260B0020D81B /* Sources */,
				D43C354F2F6C260B0020D81B /* Frameworks */,
				D43C35502F6C260B0020D81B /* Resources */,
			);
			buildRules = (
			);
			dependencies = (
			);
			fileSystemSynchronizedGroups = (
				D43C35542F6C260B0020D81B /* SwiftAuth3 */,
			);
			name = SwiftAuth3;
			packageProductDependencies = (
			);
			productName = SwiftAuth3;
			productReference = D43C35522F6C260B0020D81B /* SwiftAuth3.app */;
			productType = "com.apple.product-type.application";
		};
		D43C35672F6C260D0020D81B /* SwiftAuth3Tests */ = {
			isa = PBXNativeTarget;
			buildConfigurationList = D43C35802F6C260D0020D81B /* Build configuration list for PBXNativeTarget "SwiftAuth3Tests" */;
			buildPhases = (
				D43C35642F6C260D0020D81B /* Sources */,
				D43C35652F6C260D0020D81B /* Frameworks */,
				D43C35662F6C260D0020D81B /* Resources */,
			);
			buildRules = (
			);
			dependencies = (
				D43C356A2F6C260D0020D81B /* PBXTargetDependency */,
			);
			fileSystemSynchronizedGroups = (
				D43C356B2F6C260D0020D81B /* SwiftAuth3Tests */,
			);
			name = SwiftAuth3Tests;
			packageProductDependencies = (
			);
			productName = SwiftAuth3Tests;
			productReference = D43C35682F6C260D0020D81B /* SwiftAuth3Tests.xctest */;
			productType = "com.apple.product-type.bundle.unit-test";
		};
		D43C35712F6C260D0020D81B /* SwiftAuth3UITests */ = {
			isa = PBXNativeTarget;
			buildConfigurationList = D43C35832F6C260D0020D81B /* Build configuration list for PBXNativeTarget "SwiftAuth3UITests" */;
			buildPhases = (
				D43C356E2F6C260D0020D81B /* Sources */,
				D43C356F2F6C260D0020D81B /* Frameworks */,
				D43C35702F6C260D0020D81B /* Resources */,
			);
			buildRules = (
			);
			dependencies = (
				D43C35742F6C260D0020D81B /* PBXTargetDependency */,
			);
			fileSystemSynchronizedGroups = (
				D43C35752F6C260D0020D81B /* SwiftAuth3UITests */,
			);
			name = SwiftAuth3UITests;
			packageProductDependencies = (
			);
			productName = SwiftAuth3UITests;
			productReference = D43C35722F6C260D0020D81B /* SwiftAuth3UITests.xctest */;
			productType = "com.apple.product-type.bundle.ui-testing";
		};
/* End PBXNativeTarget section */

/* Begin PBXProject section */
		D43C354A2F6C260B0020D81B /* Project object */ = {
			isa = PBXProject;
			attributes = {
				BuildIndependentTargetsInParallel = 1;
				LastSwiftUpdateCheck = 1640;
				LastUpgradeCheck = 1640;
				TargetAttributes = {
					D43C35512F6C260B0020D81B = {
						CreatedOnToolsVersion = 16.4;
					};
					D43C35672F6C260D0020D81B = {
						CreatedOnToolsVersion = 16.4;
						TestTargetID = D43C35512F6C260B0020D81B;
					};
					D43C35712F6C260D0020D81B = {
						CreatedOnToolsVersion = 16.4;
						TestTargetID = D43C35512F6C260B0020D81B;
					};
				};
			};
			buildConfigurationList = D43C354D2F6C260B0020D81B /* Build configuration list for PBXProject "SwiftAuth3" */;
			developmentRegion = en;
			hasScannedForEncodings = 0;
			knownRegions = (
				en,
				Base,
			);
			mainGroup = D43C35492F6C260B0020D81B;
			minimizedProjectReferenceProxies = 1;
			preferredProjectObjectVersion = 77;
			productRefGroup = D43C35532F6C260B0020D81B /* Products */;
			projectDirPath = "";
			projectRoot = "";
			targets = (
				D43C35512F6C260B0020D81B /* SwiftAuth3 */,
				D43C35672F6C260D0020D81B /* SwiftAuth3Tests */,
				D43C35712F6C260D0020D81B /* SwiftAuth3UITests */,
			);
		};
/* End PBXProject section */

/* Begin PBXResourcesBuildPhase section */
		D43C35502F6C260B0020D81B /* Resources */ = {
			isa = PBXResourcesBuildPhase;
			buildActionMask = 2147483647;
			files = (
			);
			runOnlyForDeploymentPostprocessing = 0;
		};
		D43C35662F6C260D0020D81B /* Resources */ = {
			isa = PBXResourcesBuildPhase;
			buildActionMask = 2147483647;
			files = (
			);
			runOnlyForDeploymentPostprocessing = 0;
		};
		D43C35702F6C260D0020D81B /* Resources */ = {
			isa = PBXResourcesBuildPhase;
			buildActionMask = 2147483647;
			files = (
			);
			runOnlyForDeploymentPostprocessing = 0;
		};
/* End PBXResourcesBuildPhase section */

/* Begin PBXSourcesBuildPhase section */
		D43C354E2F6C260B0020D81B /* Sources */ = {
			isa = PBXSourcesBuildPhase;
			buildActionMask = 2147483647;
			files = (
			);
			runOnlyForDeploymentPostprocessing = 0;
		};
		D43C35642F6C260D0020D81B /* Sources */ = {
			isa = PBXSourcesBuildPhase;
			buildActionMask = 2147483647;
			files = (
			);
			runOnlyForDeploymentPostprocessing = 0;
		};
		D43C356E2F6C260D0020D81B /* Sources */ = {
			isa = PBXSourcesBuildPhase;
			buildActionMask = 2147483647;
			files = (
			);
			runOnlyForDeploymentPostprocessing = 0;
		};
/* End PBXSourcesBuildPhase section */

/* Begin PBXTargetDependency section */
		D43C356A2F6C260D0020D81B /* PBXTargetDependency */ = {
			isa = PBXTargetDependency;
			target = D43C35512F6C260B0020D81B /* SwiftAuth3 */;
			targetProxy = D43C35692F6C260D0020D81B /* PBXContainerItemProxy */;
		};
		D43C35742F6C260D0020D81B /* PBXTargetDependency */ = {
			isa = PBXTargetDependency;
			target = D43C35512F6C260B0020D81B /* SwiftAuth3 */;
			targetProxy = D43C35732F6C260D0020D81B /* PBXContainerItemProxy */;
		};
/* End PBXTargetDependency section */

/* Begin XCBuildConfiguration section */
		D43C357C2F6C260D0020D81B /* Debug */ = {
			isa = XCBuildConfiguration;
			buildSettings = {
				ASSETCATALOG_COMPILER_APPICON_NAME = AppIcon;
				ASSETCATALOG_COMPILER_GLOBAL_ACCENT_COLOR_NAME = AccentColor;
				CODE_SIGN_STYLE = Automatic;
				CURRENT_PROJECT_VERSION = 1;
				GENERATE_INFOPLIST_FILE = YES;
				INFOPLIST_FILE = SwiftAuth3/Info.plist;
				INFOPLIST_KEY_UIApplicationSupportsIndirectInputEvents = YES;
				INFOPLIST_KEY_UILaunchStoryboardName = LaunchScreen;
				INFOPLIST_KEY_UISupportedInterfaceOrientations_iPad = "UIInterfaceOrientationPortrait UIInterfaceOrientationPortraitUpsideDown UIInterfaceOrientationLandscapeLeft UIInterfaceOrientationLandscapeRight";
				INFOPLIST_KEY_UISupportedInterfaceOrientations_iPhone = "UIInterfaceOrientationPortrait UIInterfaceOrientationLandscapeLeft UIInterfaceOrientationLandscapeRight";
				LD_RUNPATH_SEARCH_PATHS = (
					"$(inherited)",
					"@executable_path/Frameworks",
				);
				MARKETING_VERSION = 1.0;
				PRODUCT_BUNDLE_IDENTIFIER = "sila-irem.SwiftAuth3";
				PRODUCT_NAME = "$(TARGET_NAME)";
				SWIFT_EMIT_LOC_STRINGS = YES;
				SWIFT_VERSION = 5.0;
				TARGETED_DEVICE_FAMILY = "1,2";
			};
			name = Debug;
		};
		D43C357D2F6C260D0020D81B /* Release */ = {
			isa = XCBuildConfiguration;
			buildSettings = {
				ASSETCATALOG_COMPILER_APPICON_NAME = AppIcon;
				ASSETCATALOG_COMPILER_GLOBAL_ACCENT_COLOR_NAME = AccentColor;
				CODE_SIGN_STYLE = Automatic;
				CURRENT_PROJECT_VERSION = 1;
				GENERATE_INFOPLIST_FILE = YES;
				INFOPLIST_FILE = SwiftAuth3/Info.plist;
				INFOPLIST_KEY_UIApplicationSupportsIndirectInputEvents = YES;
				INFOPLIST_KEY_UILaunchStoryboardName = LaunchScreen;
				INFOPLIST_KEY_UISupportedInterfaceOrientations_iPad = "UIInterfaceOrientationPortrait UIInterfaceOrientationPortraitUpsideDown UIInterfaceOrientationLandscapeLeft UIInterfaceOrientationLandscapeRight";
				INFOPLIST_KEY_UISupportedInterfaceOrientations_iPhone = "UIInterfaceOrientationPortrait UIInterfaceOrientationLandscapeLeft UIInterfaceOrientationLandscapeRight";
				LD_RUNPATH_SEARCH_PATHS = (
					"$(inherited)",
					"@executable_path/Frameworks",
				);
				MARKETING_VERSION = 1.0;
				PRODUCT_BUNDLE_IDENTIFIER = "sila-irem.SwiftAuth3";
				PRODUCT_NAME = "$(TARGET_NAME)";
				SWIFT_EMIT_LOC_STRINGS = YES;
				SWIFT_VERSION = 5.0;
				TARGETED_DEVICE_FAMILY = "1,2";
			};
			name = Release;
		};
		D43C357E2F6C260D0020D81B /* Debug */ = {
			isa = XCBuildConfiguration;
			buildSettings = {
				ALWAYS_SEARCH_USER_PATHS = NO;
				ASSETCATALOG_COMPILER_GENERATE_SWIFT_ASSET_SYMBOL_EXTENSIONS = YES;
				CLANG_ANALYZER_NONNULL = YES;
				CLANG_ANALYZER_NUMBER_OBJECT_CONVERSION = YES_AGGRESSIVE;
				CLANG_CXX_LANGUAGE_STANDARD = "gnu++20";
				CLANG_ENABLE_MODULES = YES;
				CLANG_ENABLE_OBJC_ARC = YES;
				CLANG_ENABLE_OBJC_WEAK = YES;
				CLANG_WARN_BLOCK_CAPTURE_AUTORELEASING = YES;
				CLANG_WARN_BOOL_CONVERSION = YES;
				CLANG_WARN_COMMA = YES;
				CLANG_WARN_CONSTANT_CONVERSION = YES;
				CLANG_WARN_DEPRECATED_OBJC_IMPLEMENTATIONS = YES;
				CLANG_WARN_DIRECT_OBJC_ISA_USAGE = YES_ERROR;
				CLANG_WARN_DOCUMENTATION_COMMENTS = YES;
				CLANG_WARN_EMPTY_BODY = YES;
				CLANG_WARN_ENUM_CONVERSION = YES;
				CLANG_WARN_INFINITE_RECURSION = YES;
				CLANG_WARN_INT_CONVERSION = YES;
				CLANG_WARN_NON_LITERAL_NULL_CONVERSION = YES;
				CLANG_WARN_OBJC_IMPLICIT_RETAIN_SELF = YES;
				CLANG_WARN_OBJC_LITERAL_CONVERSION = YES;
				CLANG_WARN_OBJC_ROOT_CLASS = YES_ERROR;
				CLANG_WARN_QUOTED_INCLUDE_IN_FRAMEWORK_HEADER = YES;
				CLANG_WARN_RANGE_LOOP_ANALYSIS = YES;
				CLANG_WARN_STRICT_PROTOTYPES = YES;
				CLANG_WARN_SUSPICIOUS_MOVE = YES;
				CLANG_WARN_UNGUARDED_AVAILABILITY = YES_AGGRESSIVE;
				CLANG_WARN_UNREACHABLE_CODE = YES;
				CLANG_WARN__DUPLICATE_METHOD_MATCH = YES;
				COPY_PHASE_STRIP = NO;
				DEBUG_INFORMATION_FORMAT = dwarf;
				ENABLE_STRICT_OBJC_MSGSEND = YES;
				ENABLE_TESTABILITY = YES;
				ENABLE_USER_SCRIPT_SANDBOXING = YES;
				GCC_C_LANGUAGE_STANDARD = gnu17;
				GCC_DYNAMIC_NO_PIC = NO;
				GCC_NO_COMMON_BLOCKS = YES;
				GCC_OPTIMIZATION_LEVEL = 0;
				GCC_PREPROCESSOR_DEFINITIONS = (
					"DEBUG=1",
					"$(inherited)",
				);
				GCC_WARN_64_TO_32_BIT_CONVERSION = YES;
				GCC_WARN_ABOUT_RETURN_TYPE = YES_ERROR;
				GCC_WARN_UNDECLARED_SELECTOR = YES;
				GCC_WARN_UNINITIALIZED_AUTOS = YES_AGGRESSIVE;
				GCC_WARN_UNUSED_FUNCTION = YES;
				GCC_WARN_UNUSED_VARIABLE = YES;
				IPHONEOS_DEPLOYMENT_TARGET = 18.5;
				LOCALIZATION_PREFERS_STRING_CATALOGS = YES;
				MTL_ENABLE_DEBUG_INFO = INCLUDE_SOURCE;
				MTL_FAST_MATH = YES;
				ONLY_ACTIVE_ARCH = YES;
				SDKROOT = iphoneos;
				SWIFT_ACTIVE_COMPILATION_CONDITIONS = "DEBUG $(inherited)";
				SWIFT_OPTIMIZATION_LEVEL = "-Onone";
			};
			name = Debug;
		};
		D43C357F2F6C260D0020D81B /* Release */ = {
			isa = XCBuildConfiguration;
			buildSettings = {
				ALWAYS_SEARCH_USER_PATHS = NO;
				ASSETCATALOG_COMPILER_GENERATE_SWIFT_ASSET_SYMBOL_EXTENSIONS = YES;
				CLANG_ANALYZER_NONNULL = YES;
				CLANG_ANALYZER_NUMBER_OBJECT_CONVERSION = YES_AGGRESSIVE;
				CLANG_CXX_LANGUAGE_STANDARD = "gnu++20";
				CLANG_ENABLE_MODULES = YES;
				CLANG_ENABLE_OBJC_ARC = YES;
				CLANG_ENABLE_OBJC_WEAK = YES;
				CLANG_WARN_BLOCK_CAPTURE_AUTORELEASING = YES;
				CLANG_WARN_BOOL_CONVERSION = YES;
				CLANG_WARN_COMMA = YES;
				CLANG_WARN_CONSTANT_CONVERSION = YES;
				CLANG_WARN_DEPRECATED_OBJC_IMPLEMENTATIONS = YES;
				CLANG_WARN_DIRECT_OBJC_ISA_USAGE = YES_ERROR;
				CLANG_WARN_DOCUMENTATION_COMMENTS = YES;
				CLANG_WARN_EMPTY_BODY = YES;
				CLANG_WARN_ENUM_CONVERSION = YES;
				CLANG_WARN_INFINITE_RECURSION = YES;
				CLANG_WARN_INT_CONVERSION = YES;
				CLANG_WARN_NON_LITERAL_NULL_CONVERSION = YES;
				CLANG_WARN_OBJC_IMPLICIT_RETAIN_SELF = YES;
				CLANG_WARN_OBJC_LITERAL_CONVERSION = YES;
				CLANG_WARN_OBJC_ROOT_CLASS = YES_ERROR;
				CLANG_WARN_QUOTED_INCLUDE_IN_FRAMEWORK_HEADER = YES;
				CLANG_WARN_RANGE_LOOP_ANALYSIS = YES;
				CLANG_WARN_STRICT_PROTOTYPES = YES;
				CLANG_WARN_SUSPICIOUS_MOVE = YES;
				CLANG_WARN_UNGUARDED_AVAILABILITY = YES_AGGRESSIVE;
				CLANG_WARN_UNREACHABLE_CODE = YES;
				CLANG_WARN__DUPLICATE_METHOD_MATCH = YES;
				COPY_PHASE_STRIP = NO;
				DEBUG_INFORMATION_FORMAT = "dwarf-with-dsym";
				ENABLE_NS_ASSERTIONS = NO;
				ENABLE_STRICT_OBJC_MSGSEND = YES;
				ENABLE_USER_SCRIPT_SANDBOXING = YES;
				GCC_C_LANGUAGE_STANDARD = gnu17;
				GCC_NO_COMMON_BLOCKS = YES;
				GCC_WARN_64_TO_32_BIT_CONVERSION = YES;
				GCC_WARN_ABOUT_RETURN_TYPE = YES_ERROR;
				GCC_WARN_UNDECLARED_SELECTOR = YES;
				GCC_WARN_UNINITIALIZED_AUTOS = YES_AGGRESSIVE;
				GCC_WARN_UNUSED_FUNCTION = YES;
				GCC_WARN_UNUSED_VARIABLE = YES;
				IPHONEOS_DEPLOYMENT_TARGET = 18.5;
				LOCALIZATION_PREFERS_STRING_CATALOGS = YES;
				MTL_ENABLE_DEBUG_INFO = NO;
				MTL_FAST_MATH = YES;
				SDKROOT = iphoneos;
				SWIFT_COMPILATION_MODE = wholemodule;
				VALIDATE_PRODUCT = YES;
			};
			name = Release;
		};
		D43C35812F6C260D0020D81B /* Debug */ = {
			isa = XCBuildConfiguration;
			buildSettings = {
				BUNDLE_LOADER = "$(TEST_HOST)";
				CODE_SIGN_STYLE = Automatic;
				CURRENT_PROJECT_VERSION = 1;
				GENERATE_INFOPLIST_FILE = YES;
				IPHONEOS_DEPLOYMENT_TARGET = 18.5;
				MARKETING_VERSION = 1.0;
				PRODUCT_BUNDLE_IDENTIFIER = "sila-irem.SwiftAuth3Tests";
				PRODUCT_NAME = "$(TARGET_NAME)";
				SWIFT_EMIT_LOC_STRINGS = NO;
				SWIFT_VERSION = 5.0;
				TARGETED_DEVICE_FAMILY = "1,2";
				TEST_HOST = "$(BUILT_PRODUCTS_DIR)/SwiftAuth3.app/$(BUNDLE_EXECUTABLE_FOLDER_PATH)/SwiftAuth3";
			};
			name = Debug;
		};
		D43C35822F6C260D0020D81B /* Release */ = {
			isa = XCBuildConfiguration;
			buildSettings = {
				BUNDLE_LOADER = "$(TEST_HOST)";
				CODE_SIGN_STYLE = Automatic;
				CURRENT_PROJECT_VERSION = 1;
				GENERATE_INFOPLIST_FILE = YES;
				IPHONEOS_DEPLOYMENT_TARGET = 18.5;
				MARKETING_VERSION = 1.0;
				PRODUCT_BUNDLE_IDENTIFIER = "sila-irem.SwiftAuth3Tests";
				PRODUCT_NAME = "$(TARGET_NAME)";
				SWIFT_EMIT_LOC_STRINGS = NO;
				SWIFT_VERSION = 5.0;
				TARGETED_DEVICE_FAMILY = "1,2";
				TEST_HOST = "$(BUILT_PRODUCTS_DIR)/SwiftAuth3.app/$(BUNDLE_EXECUTABLE_FOLDER_PATH)/SwiftAuth3";
			};
			name = Release;
		};
		D43C35842F6C260D0020D81B /* Debug */ = {
			isa = XCBuildConfiguration;
			buildSettings = {
				CODE_SIGN_STYLE = Automatic;
				CURRENT_PROJECT_VERSION = 1;
				GENERATE_INFOPLIST_FILE = YES;
				MARKETING_VERSION = 1.0;
				PRODUCT_BUNDLE_IDENTIFIER = "sila-irem.SwiftAuth3UITests";
				PRODUCT_NAME = "$(TARGET_NAME)";
				SWIFT_EMIT_LOC_STRINGS = NO;
				SWIFT_VERSION = 5.0;
				TARGETED_DEVICE_FAMILY = "1,2";
				TEST_TARGET_NAME = SwiftAuth3;
			};
			name = Debug;
		};
		D43C35852F6C260D0020D81B /* Release */ = {
			isa = XCBuildConfiguration;
			buildSettings = {
				CODE_SIGN_STYLE = Automatic;
				CURRENT_PROJECT_VERSION = 1;
				GENERATE_INFOPLIST_FILE = YES;
				MARKETING_VERSION = 1.0;
				PRODUCT_BUNDLE_IDENTIFIER = "sila-irem.SwiftAuth3UITests";
				PRODUCT_NAME = "$(TARGET_NAME)";
				SWIFT_EMIT_LOC_STRINGS = NO;
				SWIFT_VERSION = 5.0;
				TARGETED_DEVICE_FAMILY = "1,2";
				TEST_TARGET_NAME = SwiftAuth3;
			};
			name = Release;
		};
/* End XCBuildConfiguration section */

/* Begin XCConfigurationList section */
		D43C354D2F6C260B0020D81B /* Build configuration list for PBXProject "SwiftAuth3" */ = {
			isa = XCConfigurationList;
			buildConfigurations = (
				D43C357E2F6C260D0020D81B /* Debug */,
				D43C357F2F6C260D0020D81B /* Release */,
			);
			defaultConfigurationIsVisible = 0;
			defaultConfigurationName = Release;
		};
		D43C357B2F6C260D0020D81B /* Build configuration list for PBXNativeTarget "SwiftAuth3" */ = {
			isa = XCConfigurationList;
			buildConfigurations = (
				D43C357C2F6C260D0020D81B /* Debug */,
				D43C357D2F6C260D0020D81B /* Release */,
			);
			defaultConfigurationIsVisible = 0;
			defaultConfigurationName = Release;
		};
		D43C35802F6C260D0020D81B /* Build configuration list for PBXNativeTarget "SwiftAuth3Tests" */ = {
			isa = XCConfigurationList;
			buildConfigurations = (
				D43C35812F6C260D0020D81B /* Debug */,
				D43C35822F6C260D0020D81B /* Release */,
			);
			defaultConfigurationIsVisible = 0;
			defaultConfigurationName = Release;
		};
		D43C35832F6C260D0020D81B /* Build configuration list for PBXNativeTarget "SwiftAuth3UITests" */ = {
			isa = XCConfigurationList;
			buildConfigurations = (
				D43C35842F6C260D0020D81B /* Debug */,
				D43C35852F6C260D0020D81B /* Release */,
			);
			defaultConfigurationIsVisible = 0;
			defaultConfigurationName = Release;
		};
/* End XCConfigurationList section */
	};
	rootObject = D43C354A2F6C260B0020D81B /* Project object */;
}
